// !$*UTF8*$!
{
	archiveVersion = 1;
	classes = {
	};
	objectVersion = 46;
	objects = {

/* Begin PBXBuildFile section */
		4C1D9A8619F3A79E0080A244 /* Foundation.framework in Frameworks */ = {isa = PBXBuildFile; fileRef = 4C1D9A8519F3A79E0080A244 /* Foundation.framework */; };
		4C1D9A8819F3A79E0080A244 /* CoreGraphics.framework in Frameworks */ = {isa = PBXBuildFile; fileRef = 4C1D9A8719F3A79E0080A244 /* CoreGraphics.framework */; };
		4C1D9A8A19F3A79E0080A244 /* UIKit.framework in Frameworks */ = {isa = PBXBuildFile; fileRef = 4C1D9A8919F3A79E0080A244 /* UIKit.framework */; };
		4C1D9A9019F3A79E0080A244 /* InfoPlist.strings in Resources */ = {isa = PBXBuildFile; fileRef = 4C1D9A8E19F3A79E0080A244 /* InfoPlist.strings */; };
		4C1D9A9219F3A79E0080A244 /* main.m in Sources */ = {isa = PBXBuildFile; fileRef = 4C1D9A9119F3A79E0080A244 /* main.m */; };
		4C1D9A9619F3A79E0080A244 /* AppDelegate.m in Sources */ = {isa = PBXBuildFile; fileRef = 4C1D9A9519F3A79E0080A244 /* AppDelegate.m */; };
		4C1D9A9919F3A79E0080A244 /* Main.storyboard in Resources */ = {isa = PBXBuildFile; fileRef = 4C1D9A9719F3A79E0080A244 /* Main.storyboard */; };
		4C1D9A9C19F3A79E0080A244 /* ViewController.m in Sources */ = {isa = PBXBuildFile; fileRef = 4C1D9A9B19F3A79E0080A244 /* ViewController.m */; };
		4C1D9A9E19F3A79E0080A244 /* Images.xcassets in Resources */ = {isa = PBXBuildFile; fileRef = 4C1D9A9D19F3A79E0080A244 /* Images.xcassets */; };
		4C1D9AA519F3A79E0080A244 /* XCTest.framework in Frameworks */ = {isa = PBXBuildFile; fileRef = 4C1D9AA419F3A79E0080A244 /* XCTest.framework */; };
		4C1D9AA619F3A79E0080A244 /* Foundation.framework in Frameworks */ = {isa = PBXBuildFile; fileRef = 4C1D9A8519F3A79E0080A244 /* Foundation.framework */; };
		4C1D9AA719F3A79E0080A244 /* UIKit.framework in Frameworks */ = {isa = PBXBuildFile; fileRef = 4C1D9A8919F3A79E0080A244 /* UIKit.framework */; };
		4C1D9AAF19F3A79E0080A244 /* InfoPlist.strings in Resources */ = {isa = PBXBuildFile; fileRef = 4C1D9AAD19F3A79E0080A244 /* InfoPlist.strings */; };
		4C1D9AB119F3A79E0080A244 /* cameraTestFinalTests.m in Sources */ = {isa = PBXBuildFile; fileRef = 4C1D9AB019F3A79E0080A244 /* cameraTestFinalTests.m */; };
/* End PBXBuildFile section */

/* Begin PBXContainerItemProxy section */
		4C1D9AA819F3A79E0080A244 /* PBXContainerItemProxy */ = {
			isa = PBXContainerItemProxy;
			containerPortal = 4C1D9A7A19F3A79E0080A244 /* Project object */;
			proxyType = 1;
			remoteGlobalIDString = 4C1D9A8119F3A79E0080A244;
			remoteInfo = cameraTestFinal;
		};
/* End PBXContainerItemProxy section */

/* Begin PBXFileReference section */
		4C1D9A8219F3A79E0080A244 /* cameraTestFinal.app */ = {isa = PBXFileReference; explicitFileType = wrapper.application; includeInIndex = 0; path = cameraTestFinal.app; sourceTree = BUILT_PRODUCTS_DIR; };
		4C1D9A8519F3A79E0080A244 /* Foundation.framework */ = {isa = PBXFileReference; lastKnownFileType = wrapper.framework; name = Foundation.framework; path = System/Library/Frameworks/Foundation.framework; sourceTree = SDKROOT; };
		4C1D9A8719F3A79E0080A244 /* CoreGraphics.framework */ = {isa = PBXFileReference; lastKnownFileType = wrapper.framework; name = CoreGraphics.framework; path = System/Library/Frameworks/CoreGraphics.framework; sourceTree = SDKROOT; };
		4C1D9A8919F3A79E0080A244 /* UIKit.framework */ = {isa = PBXFileReference; lastKnownFileType = wrapper.framework; name = UIKit.framework; path = System/Library/Frameworks/UIKit.framework; sourceTree = SDKROOT; };
		4C1D9A8D19F3A79E0080A244 /* cameraTestFinal-Info.plist */ = {isa = PBXFileReference; lastKnownFileType = text.plist.xml; path = "cameraTestFinal-Info.plist"; sourceTree = "<group>"; };
		4C1D9A8F19F3A79E0080A244 /* en */ = {isa = PBXFileReference; lastKnownFileType = text.plist.strings; name = en; path = en.lproj/InfoPlist.strings; sourceTree = "<group>"; };
		4C1D9A9119F3A79E0080A244 /* main.m */ = {isa = PBXFileReference; lastKnownFileType = sourcecode.c.objc; path = main.m; sourceTree = "<group>"; };
		4C1D9A9319F3A79E0080A244 /* cameraTestFinal-Prefix.pch */ = {isa = PBXFileReference; lastKnownFileType = sourcecode.c.h; path = "cameraTestFinal-Prefix.pch"; sourceTree = "<group>"; };
		4C1D9A9419F3A79E0080A244 /* AppDelegate.h */ = {isa = PBXFileReference; lastKnownFileType = sourcecode.c.h; path = AppDelegate.h; sourceTree = "<group>"; };
		4C1D9A9519F3A79E0080A244 /* AppDelegate.m */ = {isa = PBXFileReference; lastKnownFileType = sourcecode.c.objc; path = AppDelegate.m; sourceTree = "<group>"; };
		4C1D9A9819F3A79E0080A244 /* Base */ = {isa = PBXFileReference; lastKnownFileType = file.storyboard; name = Base; path = Base.lproj/Main.storyboard; sourceTree = "<group>"; };
		4C1D9A9A19F3A79E0080A244 /* ViewController.h */ = {isa = PBXFileReference; lastKnownFileType = sourcecode.c.h; path = ViewController.h; sourceTree = "<group>"; };
		4C1D9A9B19F3A79E0080A244 /* ViewController.m */ = {isa = PBXFileReference; lastKnownFileType = sourcecode.c.objc; path = ViewController.m; sourceTree = "<group>"; };
		4C1D9A9D19F3A79E0080A244 /* Images.xcassets */ = {isa = PBXFileReference; lastKnownFileType = folder.assetcatalog; path = Images.xcassets; sourceTree = "<group>"; };
		4C1D9AA319F3A79E0080A244 /* cameraTestFinalTests.xctest */ = {isa = PBXFileReference; explicitFileType = wrapper.cfbundle; includeInIndex = 0; path = cameraTestFinalTests.xctest; sourceTree = BUILT_PRODUCTS_DIR; };
		4C1D9AA419F3A79E0080A244 /* XCTest.framework */ = {isa = PBXFileReference; lastKnownFileType = wrapper.framework; name = XCTest.framework; path = Library/Frameworks/XCTest.framework; sourceTree = DEVELOPER_DIR; };
		4C1D9AAC19F3A79E0080A244 /* cameraTestFinalTests-Info.plist */ = {isa = PBXFileReference; lastKnownFileType = text.plist.xml; path = "cameraTestFinalTests-Info.plist"; sourceTree = "<group>"; };
		4C1D9AAE19F3A79E0080A244 /* en */ = {isa = PBXFileReference; lastKnownFileType = text.plist.strings; name = en; path = en.lproj/InfoPlist.strings; sourceTree = "<group>"; };
		4C1D9AB019F3A79E0080A244 /* cameraTestFinalTests.m */ = {isa = PBXFileReference; lastKnownFileType = sourcecode.c.objc; path = cameraTestFinalTests.m; sourceTree = "<group>"; };
/* End PBXFileReference section */

/* Begin PBXFrameworksBuildPhase section */
		4C1D9A7F19F3A79E0080A244 /* Frameworks */ = {
			isa = PBXFrameworksBuildPhase;
			buildActionMask = 2147483647;
			files = (
				4C1D9A8819F3A79E0080A244 /* CoreGraphics.framework in Frameworks */,
				4C1D9A8A19F3A79E0080A244 /* UIKit.framework in Frameworks */,
				4C1D9A8619F3A79E0080A244 /* Foundation.framework in Frameworks */,
			);
			runOnlyForDeploymentPostprocessing = 0;
		};
		4C1D9AA019F3A79E0080A244 /* Frameworks */ = {
			isa = PBXFrameworksBuildPhase;
			buildActionMask = 2147483647;
			files = (
				4C1D9AA519F3A79E0080A244 /* XCTest.framework in Frameworks */,
				4C1D9AA719F3A79E0080A244 /* UIKit.framework in Frameworks */,
				4C1D9AA619F3A79E0080A244 /* Foundation.framework in Frameworks */,
			);
			runOnlyForDeploymentPostprocessing = 0;
		};
/* End PBXFrameworksBuildPhase section */

/* Begin PBXGroup section */
		4C1D9A7919F3A79E0080A244 = {
			isa = PBXGroup;
			children = (
				4C1D9A8B19F3A79E0080A244 /* cameraTestFinal */,
				4C1D9AAA19F3A79E0080A244 /* cameraTestFinalTests */,
				4C1D9A8419F3A79E0080A244 /* Frameworks */,
				4C1D9A8319F3A79E0080A244 /* Products */,
			);
			sourceTree = "<group>";
		};
		4C1D9A8319F3A79E0080A244 /* Products */ = {
			isa = PBXGroup;
			children = (
				4C1D9A8219F3A79E0080A244 /* cameraTestFinal.app */,
				4C1D9AA319F3A79E0080A244 /* cameraTestFinalTests.xctest */,
			);
			name = Products;
			sourceTree = "<group>";
		};
		4C1D9A8419F3A79E0080A244 /* Frameworks */ = {
			isa = PBXGroup;
			children = (
				4C1D9A8519F3A79E0080A244 /* Foundation.framework */,
				4C1D9A8719F3A79E0080A244 /* CoreGraphics.framework */,
				4C1D9A8919F3A79E0080A244 /* UIKit.framework */,
				4C1D9AA419F3A79E0080A244 /* XCTest.framework */,
			);
			name = Frameworks;
			sourceTree = "<group>";
		};
		4C1D9A8B19F3A79E0080A244 /* cameraTestFinal */ = {
			isa = PBXGroup;
			children = (
				4C1D9A9419F3A79E0080A244 /* AppDelegate.h */,
				4C1D9A9519F3A79E0080A244 /* AppDelegate.m */,
				4C1D9A9719F3A79E0080A244 /* Main.storyboard */,
				4C1D9A9A19F3A79E0080A244 /* ViewController.h */,
				4C1D9A9B19F3A79E0080A244 /* ViewController.m */,
				4C1D9A9D19F3A79E0080A244 /* Images.xcassets */,
				4C1D9A8C19F3A79E0080A244 /* Supporting Files */,
			);
			path = cameraTestFinal;
			sourceTree = "<group>";
		};
		4C1D9A8C19F3A79E0080A244 /* Supporting Files */ = {
			isa = PBXGroup;
			children = (
				4C1D9A8D19F3A79E0080A244 /* cameraTestFinal-Info.plist */,
				4C1D9A8E19F3A79E0080A244 /* InfoPlist.strings */,
				4C1D9A9119F3A79E0080A244 /* main.m */,
				4C1D9A9319F3A79E0080A244 /* cameraTestFinal-Prefix.pch */,
			);
			name = "Supporting Files";
			sourceTree = "<group>";
		};
		4C1D9AAA19F3A79E0080A244 /* cameraTestFinalTests */ = {
			isa = PBXGroup;
			children = (
				4C1D9AB019F3A79E0080A244 /* cameraTestFinalTests.m */,
				4C1D9AAB19F3A79E0080A244 /* Supporting Files */,
			);
			path = cameraTestFinalTests;
			sourceTree = "<group>";
		};
		4C1D9AAB19F3A79E0080A244 /* Supporting Files */ = {
			isa = PBXGroup;
			children = (
				4C1D9AAC19F3A79E0080A244 /* cameraTestFinalTests-Info.plist */,
				4C1D9AAD19F3A79E0080A244 /* InfoPlist.strings */,
			);
			name = "Supporting Files";
			sourceTree = "<group>";
		};
/* End PBXGroup section */

/* Begin PBXNativeTarget section */
		4C1D9A8119F3A79E0080A244 /* cameraTestFinal */ = {
			isa = PBXNativeTarget;
			buildConfigurationList = 4C1D9AB419F3A79E0080A244 /* Build configuration list for PBXNativeTarget "cameraTestFinal" */;
			buildPhases = (
				4C1D9A7E19F3A79E0080A244 /* Sources */,
				4C1D9A7F19F3A79E0080A244 /* Frameworks */,
				4C1D9A8019F3A79E0080A244 /* Resources */,
			);
			buildRules = (
			);
			dependencies = (
			);
			name = cameraTestFinal;
			productName = cameraTestFinal;
			productReference = 4C1D9A8219F3A79E0080A244 /* cameraTestFinal.app */;
			productType = "com.apple.product-type.application";
		};
		4C1D9AA219F3A79E0080A244 /* cameraTestFinalTests */ = {
			isa = PBXNativeTarget;
			buildConfigurationList = 4C1D9AB719F3A79E0080A244 /* Build configuration list for PBXNativeTarget "cameraTestFinalTests" */;
			buildPhases = (
				4C1D9A9F19F3A79E0080A244 /* Sources */,
				4C1D9AA019F3A79E0080A244 /* Frameworks */,
				4C1D9AA119F3A79E0080A244 /* Resources */,
			);
			buildRules = (
			);
			dependencies = (
				4C1D9AA919F3A79E0080A244 /* PBXTargetDependency */,
			);
			name = cameraTestFinalTests;
			productName = cameraTestFinalTests;
			productReference = 4C1D9AA319F3A79E0080A244 /* cameraTestFinalTests.xctest */;
			productType = "com.apple.product-type.bundle.unit-test";
		};
/* End PBXNativeTarget section */

/* Begin PBXProject section */
		4C1D9A7A19F3A79E0080A244 /* Project object */ = {
			isa = PBXProject;
			attributes = {
				LastUpgradeCheck = 0510;
				ORGANIZATIONNAME = Akshay;
				TargetAttributes = {
					4C1D9AA219F3A79E0080A244 = {
						TestTargetID = 4C1D9A8119F3A79E0080A244;
					};
				};
			};
			buildConfigurationList = 4C1D9A7D19F3A79E0080A244 /* Build configuration list for PBXProject "cameraTestFinal" */;
			compatibilityVersion = "Xcode 3.2";
			developmentRegion = English;
			hasScannedForEncodings = 0;
			knownRegions = (
				en,
				Base,
			);
			mainGroup = 4C1D9A7919F3A79E0080A244;
			productRefGroup = 4C1D9A8319F3A79E0080A244 /* Products */;
			projectDirPath = "";
			projectRoot = "";
			targets = (
				4C1D9A8119F3A79E0080A244 /* cameraTestFinal */,
				4C1D9AA219F3A79E0080A244 /* cameraTestFinalTests */,
			);
		};
/* End PBXProject section */

/* Begin PBXResourcesBuildPhase section */
		4C1D9A8019F3A79E0080A244 /* Resources */ = {
			isa = PBXResourcesBuildPhase;
			buildActionMask = 2147483647;
			files = (
				4C1D9A9E19F3A79E0080A244 /* Images.xcassets in Resources */,
				4C1D9A9019F3A79E0080A244 /* InfoPlist.strings in Resources */,
				4C1D9A9919F3A79E0080A244 /* Main.storyboard in Resources */,
			);
			runOnlyForDeploymentPostprocessing = 0;
		};
		4C1D9AA119F3A79E0080A244 /* Resources */ = {
			isa = PBXResourcesBuildPhase;
			buildActionMask = 2147483647;
			files = (
				4C1D9AAF19F3A79E0080A244 /* InfoPlist.strings in Resources */,
			);
			runOnlyForDeploymentPostprocessing = 0;
		};
/* End PBXResourcesBuildPhase section */

/* Begin PBXSourcesBuildPhase section */
		4C1D9A7E19F3A79E0080A244 /* Sources */ = {
			isa = PBXSourcesBuildPhase;
			buildActionMask = 2147483647;
			files = (
				4C1D9A9C19F3A79E0080A244 /* ViewController.m in Sources */,
				4C1D9A9619F3A79E0080A244 /* AppDelegate.m in Sources */,
				4C1D9A9219F3A79E0080A244 /* main.m in Sources */,
			);
			runOnlyForDeploymentPostprocessing = 0;
		};
		4C1D9A9F19F3A79E0080A244 /* Sources */ = {
			isa = PBXSourcesBuildPhase;
			buildActionMask = 2147483647;
			files = (
				4C1D9AB119F3A79E0080A244 /* cameraTestFinalTests.m in Sources */,
			);
			runOnlyForDeploymentPostprocessing = 0;
		};
/* End PBXSourcesBuildPhase section */

/* Begin PBXTargetDependency section */
		4C1D9AA919F3A79E0080A244 /* PBXTargetDependency */ = {
			isa = PBXTargetDependency;
			target = 4C1D9A8119F3A79E0080A244 /* cameraTestFinal */;
			targetProxy = 4C1D9AA819F3A79E0080A244 /* PBXContainerItemProxy */;
		};
/* End PBXTargetDependency section */

/* Begin PBXVariantGroup section */
		4C1D9A8E19F3A79E0080A244 /* InfoPlist.strings */ = {
			isa = PBXVariantGroup;
			children = (
				4C1D9A8F19F3A79E0080A244 /* en */,
			);
			name = InfoPlist.strings;
			sourceTree = "<group>";
		};
		4C1D9A9719F3A79E0080A244 /* Main.storyboard */ = {
			isa = PBXVariantGroup;
			children = (
				4C1D9A9819F3A79E0080A244 /* Base */,
			);
			name = Main.storyboard;
			sourceTree = "<group>";
		};
		4C1D9AAD19F3A79E0080A244 /* InfoPlist.strings */ = {
			isa = PBXVariantGroup;
			children = (
				4C1D9AAE19F3A79E0080A244 /* en */,
			);
			name = InfoPlist.strings;
			sourceTree = "<group>";
		};
/* End PBXVariantGroup section */

/* Begin XCBuildConfiguration section */
		4C1D9AB219F3A79E0080A244 /* Debug */ = {
			isa = XCBuildConfiguration;
			buildSettings = {
				ALWAYS_SEARCH_USER_PATHS = NO;
				CLANG_CXX_LANGUAGE_STANDARD = "gnu++0x";
				CLANG_CXX_LIBRARY = "libc++";
				CLANG_ENABLE_MODULES = YES;
				CLANG_ENABLE_OBJC_ARC = YES;
				CLANG_WARN_BOOL_CONVERSION = YES;
				CLANG_WARN_CONSTANT_CONVERSION = YES;
				CLANG_WARN_DIRECT_OBJC_ISA_USAGE = YES_ERROR;
				CLANG_WARN_EMPTY_BODY = YES;
				CLANG_WARN_ENUM_CONVERSION = YES;
				CLANG_WARN_INT_CONVERSION = YES;
				CLANG_WARN_OBJC_ROOT_CLASS = YES_ERROR;
				CLANG_WARN__DUPLICATE_METHOD_MATCH = YES;
				"CODE_SIGN_IDENTITY[sdk=iphoneos*]" = "iPhone Developer";
				COPY_PHASE_STRIP = NO;
				GCC_C_LANGUAGE_STANDARD = gnu99;
				GCC_DYNAMIC_NO_PIC = NO;
				GCC_OPTIMIZATION_LEVEL = 0;
				GCC_PREPROCESSOR_DEFINITIONS = (
					"DEBUG=1",
					"$(inherited)",
				);
				GCC_SYMBOLS_PRIVATE_EXTERN = NO;
				GCC_WARN_64_TO_32_BIT_CONVERSION = YES;
				GCC_WARN_ABOUT_RETURN_TYPE = YES_ERROR;
				GCC_WARN_UNDECLARED_SELECTOR = YES;
				GCC_WARN_UNINITIALIZED_AUTOS = YES_AGGRESSIVE;
				GCC_WARN_UNUSED_FUNCTION = YES;
				GCC_WARN_UNUSED_VARIABLE = YES;
				IPHONEOS_DEPLOYMENT_TARGET = 7.1;
				ONLY_ACTIVE_ARCH = YES;
				SDKROOT = iphoneos;
			};
			name = Debug;
		};
		4C1D9AB319F3A79E0080A244 /* Release */ = {
			isa = XCBuildConfiguration;
			buildSettings = {
				ALWAYS_SEARCH_USER_PATHS = NO;
				CLANG_CXX_LANGUAGE_STANDARD = "gnu++0x";
				CLANG_CXX_LIBRARY = "libc++";
				CLANG_ENABLE_MODULES = YES;
				CLANG_ENABLE_OBJC_ARC = YES;
				CLANG_WARN_BOOL_CONVERSION = YES;
				CLANG_WARN_CONSTANT_CONVERSION = YES;
				CLANG_WARN_DIRECT_OBJC_ISA_USAGE = YES_ERROR;
				CLANG_WARN_EMPTY_BODY = YES;
				CLANG_WARN_ENUM_CONVERSION = YES;
				CLANG_WARN_INT_CONVERSION = YES;
				CLANG_WARN_OBJC_ROOT_CLASS = YES_ERROR;
				CLANG_WARN__DUPLICATE_METHOD_MATCH = YES;
				"CODE_SIGN_IDENTITY[sdk=iphoneos*]" = "iPhone Developer";
				COPY_PHASE_STRIP = YES;
				ENABLE_NS_ASSERTIONS = NO;
				GCC_C_LANGUAGE_STANDARD = gnu99;
				GCC_WARN_64_TO_32_BIT_CONVERSION = YES;
				GCC_WARN_ABOUT_RETURN_TYPE = YES_ERROR;
				GCC_WARN_UNDECLARED_SELECTOR = YES;
				GCC_WARN_UNINITIALIZED_AUTOS = YES_AGGRESSIVE;
				GCC_WARN_UNUSED_FUNCTION = YES;
				GCC_WARN_UNUSED_VARIABLE = YES;
				IPHONEOS_DEPLOYMENT_TARGET = 7.1;
				SDKROOT = iphoneos;
				VALIDATE_PRODUCT = YES;
			};
			name = Release;
		};
		4C1D9AB519F3A79E0080A244 /* Debug */ = {
			isa = XCBuildConfiguration;
			buildSettings = {
				ASSETCATALOG_COMPILER_APPICON_NAME = AppIcon;
				ASSETCATALOG_COMPILER_LAUNCHIMAGE_NAME = LaunchImage;
				GCC_PRECOMPILE_PREFIX_HEADER = YES;
				GCC_PREFIX_HEADER = "cameraTestFinal/cameraTestFinal-Prefix.pch";
				INFOPLIST_FILE = "cameraTestFinal/cameraTestFinal-Info.plist";
				PRODUCT_NAME = "$(TARGET_NAME)";
				WRAPPER_EXTENSION = app;
			};
			name = Debug;
		};
		4C1D9AB619F3A79E0080A244 /* Release */ = {
			isa = XCBuildConfiguration;
			buildSettings = {
				ASSETCATALOG_COMPILER_APPICON_NAME = AppIcon;
				ASSETCATALOG_COMPILER_LAUNCHIMAGE_NAME = LaunchImage;
				GCC_PRECOMPILE_PREFIX_HEADER = YES;
				GCC_PREFIX_HEADER = "cameraTestFinal/cameraTestFinal-Prefix.pch";
				INFOPLIST_FILE = "cameraTestFinal/cameraTestFinal-Info.plist";
				PRODUCT_NAME = "$(TARGET_NAME)";
				WRAPPER_EXTENSION = app;
			};
			name = Release;
		};
		4C1D9AB819F3A79E0080A244 /* Debug */ = {
			isa = XCBuildConfiguration;
			buildSettings = {
				BUNDLE_LOADER = "$(BUILT_PRODUCTS_DIR)/cameraTestFinal.app/cameraTestFinal";
				FRAMEWORK_SEARCH_PATHS = (
					"$(SDKROOT)/Developer/Library/Frameworks",
					"$(inherited)",
					"$(DEVELOPER_FRAMEWORKS_DIR)",
				);
				GCC_PRECOMPILE_PREFIX_HEADER = YES;
				GCC_PREFIX_HEADER = "cameraTestFinal/cameraTestFinal-Prefix.pch";
				GCC_PREPROCESSOR_DEFINITIONS = (
					"DEBUG=1",
					"$(inherited)",
				);
				INFOPLIST_FILE = "cameraTestFinalTests/cameraTestFinalTests-Info.plist";
				PRODUCT_NAME = "$(TARGET_NAME)";
				TEST_HOST = "$(BUNDLE_LOADER)";
				WRAPPER_EXTENSION = xctest;
			};
			name = Debug;
		};
		4C1D9AB919F3A79E0080A244 /* Release */ = {
			isa = XCBuildConfiguration;
			buildSettings = {
				BUNDLE_LOADER = "$(BUILT_PRODUCTS_DIR)/cameraTestFinal.app/cameraTestFinal";
				FRAMEWORK_SEARCH_PATHS = (
					"$(SDKROOT)/Developer/Library/Frameworks",
					"$(inherited)",
					"$(DEVELOPER_FRAMEWORKS_DIR)",
				);
				GCC_PRECOMPILE_PREFIX_HEADER = YES;
				GCC_PREFIX_HEADER = "cameraTestFinal/cameraTestFinal-Prefix.pch";
				INFOPLIST_FILE = "cameraTestFinalTests/cameraTestFinalTests-Info.plist";
				PRODUCT_NAME = "$(TARGET_NAME)";
				TEST_HOST = "$(BUNDLE_LOADER)";
				WRAPPER_EXTENSION = xctest;
			};
			name = Release;
		};
/* End XCBuildConfiguration section */

/* Begin XCConfigurationList section */
		4C1D9A7D19F3A79E0080A244 /* Build configuration list for PBXProject "cameraTestFinal" */ = {
			isa = XCConfigurationList;
			buildConfigurations = (
				4C1D9AB219F3A79E0080A244 /* Debug */,
				4C1D9AB319F3A79E0080A244 /* Release */,
			);
			defaultConfigurationIsVisible = 0;
			defaultConfigurationName = Release;
		};
		4C1D9AB419F3A79E0080A244 /* Build configuration list for PBXNativeTarget "cameraTestFinal" */ = {
			isa = XCConfigurationList;
			buildConfigurations = (
				4C1D9AB519F3A79E0080A244 /* Debug */,
				4C1D9AB619F3A79E0080A244 /* Release */,
			);
			defaultConfigurationIsVisible = 0;
		};
		4C1D9AB719F3A79E0080A244 /* Build configuration list for PBXNativeTarget "cameraTestFinalTests" */ = {
			isa = XCConfigurationList;
			buildConfigurations = (
				4C1D9AB819F3A79E0080A244 /* Debug */,
				4C1D9AB919F3A79E0080A244 /* Release */,
			);
			defaultConfigurationIsVisible = 0;
		};
/* End XCConfigurationList section */
	};
	rootObject = 4C1D9A7A19F3A79E0080A244 /* Project object */;
}
